
Microsoft Visual Studio Solution File, Format Version 12.00
# Visual Studio Version 16
VisualStudioVersion = 16.0.30804.86
MinimumVisualStudioVersion = 10.0.40219.1
Project("{FAE04EC0-301F-11D3-BF4B-00C04F79EFBC}") = "RocnikovaPraceDrivka.UWP", "RocnikovaPraceDrivka\RocnikovaPraceDrivka.UWP\RocnikovaPraceDrivka.UWP.csproj", "{85DD5EF7-49B1-4EE7-B7DB-09915D069C5F}"
EndProject
Project("{FAE04EC0-301F-11D3-BF4B-00C04F79EFBC}") = "RocnikovaPraceDrivka.Android", "RocnikovaPraceDrivka\RocnikovaPraceDrivka.Android\RocnikovaPraceDrivka.Android.csproj", "{C54720D0-1FBA-47B5-B012-A44ED548AC12}"
EndProject
Project("{FAE04EC0-301F-11D3-BF4B-00C04F79EFBC}") = "RocnikovaPraceDrivka.iOS", "RocnikovaPraceDrivka\RocnikovaPraceDrivka.iOS\RocnikovaPraceDrivka.iOS.csproj", "{84512A52-F411-40A7-8D8F-FFB3CE419039}"
EndProject
Project("{9A19103F-16F7-4668-BE54-9A1E7A4F7556}") = "RocnikovaPraceDrivka", "RocnikovaPraceDrivka\RocnikovaPraceDrivka\RocnikovaPraceDrivka.csproj", "{9DB375D1-5D1C-4826-A6C8-6F541296AE60}"
EndProject
Global
	GlobalSection(SolutionConfigurationPlatforms) = preSolution
		Debug|Any CPU = Debug|Any CPU
		Debug|ARM = Debug|ARM
		Debug|iPhone = Debug|iPhone
		Debug|iPhoneSimulator = Debug|iPhoneSimulator
		Debug|x64 = Debug|x64
		Debug|x86 = Debug|x86
		Release|Any CPU = Release|Any CPU
		Release|ARM = Release|ARM
		Release|iPhone = Release|iPhone
		Release|iPhoneSimulator = Release|iPhoneSimulator
		Release|x64 = Release|x64
		Release|x86 = Release|x86
	EndGlobalSection
	GlobalSection(ProjectConfigurationPlatforms) = postSolution
		{85DD5EF7-49B1-4EE7-B7DB-09915D069C5F}.Debug|Any CPU.ActiveCfg = Debug|x86
		{85DD5EF7-49B1-4EE7-B7DB-09915D069C5F}.Debug|Any CPU.Build.0 = Debug|x86
		{85DD5EF7-49B1-4EE7-B7DB-09915D069C5F}.Debug|Any CPU.Deploy.0 = Debug|x86
		{85DD5EF7-49B1-4EE7-B7DB-09915D069C5F}.Debug|ARM.ActiveCfg = Debug|ARM
		{85DD5EF7-49B1-4EE7-B7DB-09915D069C5F}.Debug|ARM.Build.0 = Debug|ARM
		{85DD5EF7-49B1-4EE7-B7DB-09915D069C5F}.Debug|ARM.Deploy.0 = Debug|ARM
		{85DD5EF7-49B1-4EE7-B7DB-09915D069C5F}.Debug|iPhone.ActiveCfg = Debug|x86
		{85DD5EF7-49B1-4EE7-B7DB-09915D069C5F}.Debug|iPhone.Build.0 = Debug|x86
		{85DD5EF7-49B1-4EE7-B7DB-09915D069C5F}.Debug|iPhone.Deploy.0 = Debug|x86
		{85DD5EF7-49B1-4EE7-B7DB-09915D069C5F}.Debug|iPhoneSimulator.ActiveCfg = Debug|x86
		{85DD5EF7-49B1-4EE7-B7DB-09915D069C5F}.Debug|iPhoneSimulator.Build.0 = Debug|x86
		{85DD5EF7-49B1-4EE7-B7DB-09915D069C5F}.Debug|iPhoneSimulator.Deploy.0 = Debug|x86
		{85DD5EF7-49B1-4EE7-B7DB-09915D069C5F}.Debug|x64.ActiveCfg = Debug|x64
		{85DD5EF7-49B1-4EE7-B7DB-09915D069C5F}.Debug|x64.Build.0 = Debug|x64
		{85DD5EF7-49B1-4EE7-B7DB-09915D069C5F}.Debug|x64.Deploy.0 = Debug|x64
		{85DD5EF7-49B1-4EE7-B7DB-09915D069C5F}.Debug|x86.ActiveCfg = Debug|x86
		{85DD5EF7-49B1-4EE7-B7DB-09915D069C5F}.Debug|x86.Build.0 = Debug|x86
		{85DD5EF7-49B1-4EE7-B7DB-09915D069C5F}.Debug|x86.Deploy.0 = Debug|x86
		{85DD5EF7-49B1-4EE7-B7DB-09915D069C5F}.Release|Any CPU.ActiveCfg = Release|x86
		{85DD5EF7-49B1-4EE7-B7DB-09915D069C5F}.Release|Any CPU.Build.0 = Release|x86
		{85DD5EF7-49B1-4EE7-B7DB-09915D069C5F}.Release|Any CPU.Deploy.0 = Release|x86
		{85DD5EF7-49B1-4EE7-B7DB-09915D069C5F}.Release|ARM.ActiveCfg = Release|ARM
		{85DD5EF7-49B1-4EE7-B7DB-09915D069C5F}.Release|ARM.Build.0 = Release|ARM
		{85DD5EF7-49B1-4EE7-B7DB-09915D069C5F}.Release|ARM.Deploy.0 = Release|ARM
		{85DD5EF7-49B1-4EE7-B7DB-09915D069C5F}.Release|iPhone.ActiveCfg = Release|x86
		{85DD5EF7-49B1-4EE7-B7DB-09915D069C5F}.Release|iPhone.Build.0 = Release|x86
		{85DD5EF7-49B1-4EE7-B7DB-09915D069C5F}.Release|iPhone.Deploy.0 = Release|x86
		{85DD5EF7-49B1-4EE7-B7DB-09915D069C5F}.Release|iPhoneSimulator.ActiveCfg = Release|x86
		{85DD5EF7-49B1-4EE7-B7DB-09915D069C5F}.Release|iPhoneSimulator.Build.0 = Release|x86
		{85DD5EF7-49B1-4EE7-B7DB-09915D069C5F}.Release|iPhoneSimulator.Deploy.0 = Release|x86
		{85DD5EF7-49B1-4EE7-B7DB-09915D069C5F}.Release|x64.ActiveCfg = Release|x64
		{85DD5EF7-49B1-4EE7-B7DB-09915D069C5F}.Release|x64.Build.0 = Release|x64
		{85DD5EF7-49B1-4EE7-B7DB-09915D069C5F}.Release|x64.Deploy.0 = Release|x64
		{85DD5EF7-49B1-4EE7-B7DB-09915D069C5F}.Release|x86.ActiveCfg = Release|x86
		{85DD5EF7-49B1-4EE7-B7DB-09915D069C5F}.Release|x86.Build.0 = Release|x86
		{85DD5EF7-49B1-4EE7-B7DB-09915D069C5F}.Release|x86.Deploy.0 = Release|x86
		{C54720D0-1FBA-47B5-B012-A44ED548AC12}.Debug|Any CPU.ActiveCfg = Debug|Any CPU
		{C54720D0-1FBA-47B5-B012-A44ED548AC12}.Debug|Any CPU.Build.0 = Debug|Any CPU
		{C54720D0-1FBA-47B5-B012-A44ED548AC12}.Debug|Any CPU.Deploy.0 = Debug|Any CPU
		{C54720D0-1FBA-47B5-B012-A44ED548AC12}.Debug|ARM.ActiveCfg = Debug|Any CPU
		{C54720D0-1FBA-47B5-B012-A44ED548AC12}.Debug|ARM.Build.0 = Debug|Any CPU
		{C54720D0-1FBA-47B5-B012-A44ED548AC12}.Debug|ARM.Deploy.0 = Debug|Any CPU
		{C54720D0-1FBA-47B5-B012-A44ED548AC12}.Debug|iPhone.ActiveCfg = Debug|Any CPU
		{C54720D0-1FBA-47B5-B012-A44ED548AC12}.Debug|iPhone.Build.0 = Debug|Any CPU
		{C54720D0-1FBA-47B5-B012-A44ED548AC12}.Debug|iPhone.Deploy.0 = Debug|Any CPU
		{C54720D0-1FBA-47B5-B012-A44ED548AC12}.Debug|iPhoneSimulator.ActiveCfg = Debug|Any CPU
		{C54720D0-1FBA-47B5-B012-A44ED548AC12}.Debug|iPhoneSimulator.Build.0 = Debug|Any CPU
		{C54720D0-1FBA-47B5-B012-A44ED548AC12}.Debug|iPhoneSimulator.Deploy.0 = Debug|Any CPU
		{C54720D0-1FBA-47B5-B012-A44ED548AC12}.Debug|x64.ActiveCfg = Debug|Any CPU
		{C54720D0-1FBA-47B5-B012-A44ED548AC12}.Debug|x64.Build.0 = Debug|Any CPU
		{C54720D0-1FBA-47B5-B012-A44ED548AC12}.Debug|x64.Deploy.0 = Debug|Any CPU
		{C54720D0-1FBA-47B5-B012-A44ED548AC12}.Debug|x86.ActiveCfg = Debug|Any CPU
		{C54720D0-1FBA-47B5-B012-A44ED548AC12}.Debug|x86.Build.0 = Debug|Any CPU
		{C54720D0-1FBA-47B5-B012-A44ED548AC12}.Debug|x86.Deploy.0 = Debug|Any CPU
		{C54720D0-1FBA-47B5-B012-A44ED548AC12}.Release|Any CPU.ActiveCfg = Release|Any CPU
		{C54720D0-1FBA-47B5-B012-A44ED548AC12}.Release|Any CPU.Build.0 = Release|Any CPU
		{C54720D0-1FBA-47B5-B012-A44ED548AC12}.Release|Any CPU.Deploy.0 = Release|Any CPU
		{C54720D0-1FBA-47B5-B012-A44ED548AC12}.Release|ARM.ActiveCfg = Release|Any CPU
		{C54720D0-1FBA-47B5-B012-A44ED548AC12}.Release|ARM.Build.0 = Release|Any CPU
		{C54720D0-1FBA-47B5-B012-A44ED548AC12}.Release|ARM.Deploy.0 = Release|Any CPU
		{C54720D0-1FBA-47B5-B012-A44ED548AC12}.Release|iPhone.ActiveCfg = Release|Any CPU
		{C54720D0-1FBA-47B5-B012-A44ED548AC12}.Release|iPhone.Build.0 = Release|Any CPU
		{C54720D0-1FBA-47B5-B012-A44ED548AC12}.Release|iPhone.Deploy.0 = Release|Any CPU
		{C54720D0-1FBA-47B5-B012-A44ED548AC12}.Release|iPhoneSimulator.ActiveCfg = Release|Any CPU
		{C54720D0-1FBA-47B5-B012-A44ED548AC12}.Release|iPhoneSimulator.Build.0 = Release|Any CPU
		{C54720D0-1FBA-47B5-B012-A44ED548AC12}.Release|iPhoneSimulator.Deploy.0 = Release|Any CPU
		{C54720D0-1FBA-47B5-B012-A44ED548AC12}.Release|x64.ActiveCfg = Release|Any CPU
		{C54720D0-1FBA-47B5-B012-A44ED548AC12}.Release|x64.Build.0 = Release|Any CPU
		{C54720D0-1FBA-47B5-B012-A44ED548AC12}.Release|x64.Deploy.0 = Release|Any CPU
		{C54720D0-1FBA-47B5-B012-A44ED548AC12}.Release|x86.ActiveCfg = Release|Any CPU
		{C54720D0-1FBA-47B5-B012-A44ED548AC12}.Release|x86.Build.0 = Release|Any CPU
		{C54720D0-1FBA-47B5-B012-A44ED548AC12}.Release|x86.Deploy.0 = Release|Any CPU
		{84512A52-F411-40A7-8D8F-FFB3CE419039}.Debug|Any CPU.ActiveCfg = Debug|iPhoneSimulator
		{84512A52-F411-40A7-8D8F-FFB3CE419039}.Debug|Any CPU.Build.0 = Debug|iPhoneSimulator
		{84512A52-F411-40A7-8D8F-FFB3CE419039}.Debug|Any CPU.Deploy.0 = Debug|iPhoneSimulator
		{84512A52-F411-40A7-8D8F-FFB3CE419039}.Debug|ARM.ActiveCfg = Debug|iPhone
		{84512A52-F411-40A7-8D8F-FFB3CE419039}.Debug|ARM.Build.0 = Debug|iPhone
		{84512A52-F411-40A7-8D8F-FFB3CE419039}.Debug|ARM.Deploy.0 = Debug|iPhone
		{84512A52-F411-40A7-8D8F-FFB3CE419039}.Debug|iPhone.ActiveCfg = Debug|iPhone
		{84512A52-F411-40A7-8D8F-FFB3CE419039}.Debug|iPhone.Build.0 = Debug|iPhone
		{84512A52-F411-40A7-8D8F-FFB3CE419039}.Debug|iPhone.Deploy.0 = Debug|iPhone
		{84512A52-F411-40A7-8D8F-FFB3CE419039}.Debug|iPhoneSimulator.ActiveCfg = Debug|iPhoneSimulator
		{84512A52-F411-40A7-8D8F-FFB3CE419039}.Debug|iPhoneSimulator.Build.0 = Debug|iPhoneSimulator
		{84512A52-F411-40A7-8D8F-FFB3CE419039}.Debug|iPhoneSimulator.Deploy.0 = Debug|iPhoneSimulator
		{84512A52-F411-40A7-8D8F-FFB3CE419039}.Debug|x64.ActiveCfg = Debug|iPhoneSimulator
		{84512A52-F411-40A7-8D8F-FFB3CE419039}.Debug|x64.Build.0 = Debug|iPhoneSimulator
		{84512A52-F411-40A7-8D8F-FFB3CE419039}.Debug|x64.Deploy.0 = Debug|iPhoneSimulator
		{84512A52-F411-40A7-8D8F-FFB3CE419039}.Debug|x86.ActiveCfg = Debug|iPhoneSimulator
		{84512A52-F411-40A7-8D8F-FFB3CE419039}.Debug|x86.Build.0 = Debug|iPhoneSimulator
		{84512A52-F411-40A7-8D8F-FFB3CE419039}.Debug|x86.Deploy.0 = Debug|iPhoneSimulator
		{84512A52-F411-40A7-8D8F-FFB3CE419039}.Release|Any CPU.ActiveCfg = Release|iPhoneSimulator
		{84512A52-F411-40A7-8D8F-FFB3CE419039}.Release|Any CPU.Build.0 = Release|iPhoneSimulator
		{84512A52-F411-40A7-8D8F-FFB3CE419039}.Release|Any CPU.Deploy.0 = Release|iPhoneSimulator
		{84512A52-F411-40A7-8D8F-FFB3CE419039}.Release|ARM.ActiveCfg = Release|iPhoneSimulator
		{84512A52-F411-40A7-8D8F-FFB3CE419039}.Release|ARM.Build.0 = Release|iPhoneSimulator
		{84512A52-F411-40A7-8D8F-FFB3CE419039}.Release|ARM.Deploy.0 = Release|iPhoneSimulator
		{84512A52-F411-40A7-8D8F-FFB3CE419039}.Release|iPhone.ActiveCfg = Release|iPhone
		{84512A52-F411-40A7-8D8F-FFB3CE419039}.Release|iPhone.Build.0 = Release|iPhone
		{84512A52-F411-40A7-8D8F-FFB3CE419039}.Release|iPhone.Deploy.0 = Release|iPhone
		{84512A52-F411-40A7-8D8F-FFB3CE419039}.Release|iPhoneSimulator.ActiveCfg = Release|iPhoneSimulator
		{84512A52-F411-40A7-8D8F-FFB3CE419039}.Release|iPhoneSimulator.Build.0 = Release|iPhoneSimulator
		{84512A52-F411-40A7-8D8F-FFB3CE419039}.Release|iPhoneSimulator.Deploy.0 = Release|iPhoneSimulator
		{84512A52-F411-40A7-8D8F-FFB3CE419039}.Release|x64.ActiveCfg = Release|iPhoneSimulator
		{84512A52-F411-40A7-8D8F-FFB3CE419039}.Release|x64.Build.0 = Release|iPhoneSimulator
		{84512A52-F411-40A7-8D8F-FFB3CE419039}.Release|x64.Deploy.0 = Release|iPhoneSimulator
		{84512A52-F411-40A7-8D8F-FFB3CE419039}.Release|x86.ActiveCfg = Release|iPhoneSimulator
		{84512A52-F411-40A7-8D8F-FFB3CE419039}.Release|x86.Build.0 = Release|iPhoneSimulator
		{84512A52-F411-40A7-8D8F-FFB3CE419039}.Release|x86.Deploy.0 = Release|iPhoneSimulator
		{9DB375D1-5D1C-4826-A6C8-6F541296AE60}.Debug|Any CPU.ActiveCfg = Debug|Any CPU
		{9DB375D1-5D1C-4826-A6C8-6F541296AE60}.Debug|Any CPU.Build.0 = Debug|Any CPU
		{9DB375D1-5D1C-4826-A6C8-6F541296AE60}.Debug|Any CPU.Deploy.0 = Debug|Any CPU
		{9DB375D1-5D1C-4826-A6C8-6F541296AE60}.Debug|ARM.ActiveCfg = Debug|Any CPU
		{9DB375D1-5D1C-4826-A6C8-6F541296AE60}.Debug|ARM.Build.0 = Debug|Any CPU
		{9DB375D1-5D1C-4826-A6C8-6F541296AE60}.Debug|ARM.Deploy.0 = Debug|Any CPU
		{9DB375D1-5D1C-4826-A6C8-6F541296AE60}.Debug|iPhone.ActiveCfg = Debug|Any CPU
		{9DB375D1-5D1C-4826-A6C8-6F541296AE60}.Debug|iPhone.Build.0 = Debug|Any CPU
		{9DB375D1-5D1C-4826-A6C8-6F541296AE60}.Debug|iPhone.Deploy.0 = Debug|Any CPU
		{9DB375D1-5D1C-4826-A6C8-6F541296AE60}.Debug|iPhoneSimulator.ActiveCfg = Debug|Any CPU
		{9DB375D1-5D1C-4826-A6C8-6F541296AE60}.Debug|iPhoneSimulator.Build.0 = Debug|Any CPU
		{9DB375D1-5D1C-4826-A6C8-6F541296AE60}.Debug|iPhoneSimulator.Deploy.0 = Debug|Any CPU
		{9DB375D1-5D1C-4826-A6C8-6F541296AE60}.Debug|x64.ActiveCfg = Debug|Any CPU
		{9DB375D1-5D1C-4826-A6C8-6F541296AE60}.Debug|x64.Build.0 = Debug|Any CPU
		{9DB375D1-5D1C-4826-A6C8-6F541296AE60}.Debug|x64.Deploy.0 = Debug|Any CPU
		{9DB375D1-5D1C-4826-A6C8-6F541296AE60}.Debug|x86.ActiveCfg = Debug|Any CPU
		{9DB375D1-5D1C-4826-A6C8-6F541296AE60}.Debug|x86.Build.0 = Debug|Any CPU
		{9DB375D1-5D1C-4826-A6C8-6F541296AE60}.Debug|x86.Deploy.0 = Debug|Any CPU
		{9DB375D1-5D1C-4826-A6C8-6F541296AE60}.Release|Any CPU.ActiveCfg = Release|Any CPU
		{9DB375D1-5D1C-4826-A6C8-6F541296AE60}.Release|Any CPU.Build.0 = Release|Any CPU
		{9DB375D1-5D1C-4826-A6C8-6F541296AE60}.Release|Any CPU.Deploy.0 = Release|Any CPU
		{9DB375D1-5D1C-4826-A6C8-6F541296AE60}.Release|ARM.ActiveCfg = Release|Any CPU
		{9DB375D1-5D1C-4826-A6C8-6F541296AE60}.Release|ARM.Build.0 = Release|Any CPU
		{9DB375D1-5D1C-4826-A6C8-6F541296AE60}.Release|ARM.Deploy.0 = Release|Any CPU
		{9DB375D1-5D1C-4826-A6C8-6F541296AE60}.Release|iPhone.ActiveCfg = Release|Any CPU
		{9DB375D1-5D1C-4826-A6C8-6F541296AE60}.Release|iPhone.Build.0 = Release|Any CPU
		{9DB375D1-5D1C-4826-A6C8-6F541296AE60}.Release|iPhone.Deploy.0 = Release|Any CPU
		{9DB375D1-5D1C-4826-A6C8-6F541296AE60}.Release|iPhoneSimulator.ActiveCfg = Release|Any CPU
		{9DB375D1-5D1C-4826-A6C8-6F541296AE60}.Release|iPhoneSimulator.Build.0 = Release|Any CPU
		{9DB375D1-5D1C-4826-A6C8-6F541296AE60}.Release|iPhoneSimulator.Deploy.0 = Release|Any CPU
		{9DB375D1-5D1C-4826-A6C8-6F541296AE60}.Release|x64.ActiveCfg = Release|Any CPU
		{9DB375D1-5D1C-4826-A6C8-6F541296AE60}.Release|x64.Build.0 = Release|Any CPU
		{9DB375D1-5D1C-4826-A6C8-6F541296AE60}.Release|x64.Deploy.0 = Release|Any CPU
		{9DB375D1-5D1C-4826-A6C8-6F541296AE60}.Release|x86.ActiveCfg = Release|Any CPU
		{9DB375D1-5D1C-4826-A6C8-6F541296AE60}.Release|x86.Build.0 = Release|Any CPU
		{9DB375D1-5D1C-4826-A6C8-6F541296AE60}.Release|x86.Deploy.0 = Release|Any CPU
	EndGlobalSection
	GlobalSection(SolutionProperties) = preSolution
		HideSolutionNode = FALSE
	EndGlobalSection
	GlobalSection(ExtensibilityGlobals) = postSolution
		SolutionGuid = {7FB51155-AB28-4E4B-924A-086512170ACB}
	EndGlobalSection
EndGlobal
